{
  "name": "marlowe_lang",
  "version": "0.0.1",
  "lockfileVersion": 3,
  "requires": true,
  "packages": {
    "": {
      "name": "marlowe_lang",
      "version": "0.0.1",
      "license": "SEE LICENSE IN licence",
      "dependencies": {
        "marlowe_lang": "0.1.24"
      }
    },
    "node_modules/marlowe_lang": {
      "version": "0.1.24",
      "resolved": "https://registry.npmjs.org/marlowe_lang/-/marlowe_lang-0.1.24.tgz",
      "integrity": "sha512-04W2cOo0xk7Bg+XDBeJd4hfD6Uxm1YZOXpvY+95KnIk+f+mUeTDY8ksMBPGyUV41QLdLQoPBm65UwkeX3MQOfA=="
    }
  }
}
