{
  "name": "nodejs",
  "lockfileVersion": 3,
  "requires": true,
  "packages": {
    "": {
      "dependencies": {
        "marlowe_lang": "0.2.1-nodejs"
      }
    },
    "node_modules/marlowe_lang": {
      "version": "0.2.1-nodejs",
      "resolved": "https://registry.npmjs.org/marlowe_lang/-/marlowe_lang-0.2.1-nodejs.tgz",
      "integrity": "sha512-gYEm22vFCTD4xkBQI2R7IrZnohLT0RsApB5SBaUfZ5wTdyWFSn5kcfM7CaFCT57S4kkrVjaBvlzB3zbJgSaRRQ=="
    }
  }
}
