{
  "name": "marlowe_lang",
  "version": "0.0.1",
  "lockfileVersion": 3,
  "requires": true,
  "packages": {
    "": {
      "name": "marlowe_lang",
      "version": "0.0.1",
      "license": "SEE LICENSE IN licence",
      "dependencies": {
        "marlowe_lang": "nodejs"
      }
    },
    "node_modules/marlowe_lang": {
      "version": "0.1.24-3-bundle",
      "resolved": "https://registry.npmjs.org/marlowe_lang/-/marlowe_lang-0.1.24-3-bundle.tgz",
      "integrity": "sha512-TLVbBEw7cK0d5LwF0jfO/sd0OemyOfNS9HpGnnLQC/oAcIXhMiIMmaMnp9HMlASv6SzkNeBWp76i2xzE+QCdnQ=="
    }
  }
}
